PODS:
  - Alamofire (4.1.0)
  - Argo (4.1.0):
    - Runes (>= 4.0.0)
  - Cartography (1.0.1)
  - Curry (3.0.0)
  - Moya (8.0.0-beta.4):
    - Moya/Core (= 8.0.0-beta.4)
  - Moya-Argo (1.2.0):
    - Moya-Argo/Core (= 1.2.0)
  - Moya-Argo/Core (1.2.0):
    - Argo (~> 4.1.0)
    - Moya (~> 8.0.0-beta.4)
  - Moya-Argo/ReactiveCocoa (1.2.0):
    - Moya-Argo/Core
    - Moya/ReactiveCocoa
    - ReactiveSwift (~> 1.0.0-alpha.3)
  - Moya-Argo/RxSwift (1.2.0):
    - Moya-Argo/Core
    - Moya/RxSwift
  - Moya/Core (8.0.0-beta.4):
    - Alamofire (~> 4.0)
    - Result (~> 3.0)
  - Moya/ReactiveCocoa (8.0.0-beta.4):
    - Moya/Core
    - ReactiveSwift
  - Moya/RxSwift (8.0.0-beta.4):
    - Moya/Core
    - RxSwift (~> 3.0)
  - ReactiveSwift (1.0.0-alpha.3):
    - Result (~> 3.0)
  - Result (3.0.0)
  - Runes (4.0.1)
  - RxSwift (3.0.1)

DEPENDENCIES:
  - Cartography
  - Curry (~> 3.0)
  - Moya-Argo (from `../`)
  - Moya-Argo/ReactiveCocoa (from `../`)
  - Moya-Argo/RxSwift (from `../`)

EXTERNAL SOURCES:
  Moya-Argo:
    :path: "../"

SPEC CHECKSUMS:
  Alamofire: e266cf991b933498df791e645e0d8ac294492153
  Argo: 846f1637e85257e34bfc351b5031f19bfca7555c
  Cartography: c1460e99395b824d9d75360b0382faeb0b33dcd7
  Curry: eb3d2c75aec678b3cc7fb2729d2ad6dd121531d1
  Moya: bad6f72ec40661f09a8cd85ab470226d2795a485
  Moya-Argo: ccd9d9b7cbb575bea73648dd63f5467c2743ab42
  ReactiveSwift: d67b677f9574ba614d94022a88fcf456e77fa515
  Result: 1b3e431f37cbcd3ad89c6aa9ab0ae55515fae3b6
  Runes: ff20f163b478ac2c0e18158d6086fd5b1997f983
  RxSwift: af5680055c4ad04480189c52d28385b1029493a6

PODFILE CHECKSUM: e8e37e4e98536a9f0664ed4bfb44e9030c68d097

COCOAPODS: 1.2.0.beta.1
